
Microsoft Visual Studio Solution File, Format Version 12.00
# Visual Studio Version 17
VisualStudioVersion = 17.14.36221.1
MinimumVisualStudioVersion = 10.0.40219.1
Project("{FAE04EC0-301F-11D3-BF4B-00C04F79EFBC}") = "HelloWord2", "HelloWord2\HelloWord2.csproj", "{4CEBD0D0-66C2-4187-9579-1C1392898469}"
EndProject
Project("{FAE04EC0-301F-11D3-BF4B-00C04F79EFBC}") = "HelloWorldExplicit", "HelloWorldExplicit\HelloWorldExplicit.csproj", "{EE9C64C8-96C8-4D9F-B7BB-AF422636DAA7}"
EndProject
Global
	GlobalSection(SolutionConfigurationPlatforms) = preSolution
		Debug|Any CPU = Debug|Any CPU
		Release|Any CPU = Release|Any CPU
	EndGlobalSection
	GlobalSection(ProjectConfigurationPlatforms) = postSolution
		{4CEBD0D0-66C2-4187-9579-1C1392898469}.Debug|Any CPU.ActiveCfg = Debug|Any CPU
		{4CEBD0D0-66C2-4187-9579-1C1392898469}.Debug|Any CPU.Build.0 = Debug|Any CPU
		{4CEBD0D0-66C2-4187-9579-1C1392898469}.Release|Any CPU.ActiveCfg = Release|Any CPU
		{4CEBD0D0-66C2-4187-9579-1C1392898469}.Release|Any CPU.Build.0 = Release|Any CPU
		{EE9C64C8-96C8-4D9F-B7BB-AF422636DAA7}.Debug|Any CPU.ActiveCfg = Debug|Any CPU
		{EE9C64C8-96C8-4D9F-B7BB-AF422636DAA7}.Debug|Any CPU.Build.0 = Debug|Any CPU
		{EE9C64C8-96C8-4D9F-B7BB-AF422636DAA7}.Release|Any CPU.ActiveCfg = Release|Any CPU
		{EE9C64C8-96C8-4D9F-B7BB-AF422636DAA7}.Release|Any CPU.Build.0 = Release|Any CPU
	EndGlobalSection
	GlobalSection(SolutionProperties) = preSolution
		HideSolutionNode = FALSE
	EndGlobalSection
	GlobalSection(ExtensibilityGlobals) = postSolution
		SolutionGuid = {FB0F96D3-5E45-4516-B761-D6660D67FFFB}
	EndGlobalSection
EndGlobal
