
Microsoft Visual Studio Solution File, Format Version 12.00
# Visual Studio Version 17
VisualStudioVersion = 17.14.36221.1
MinimumVisualStudioVersion = 10.0.40219.1
Project("{FAE04EC0-301F-11D3-BF4B-00C04F79EFBC}") = "HelloWord2", "HelloWord2\HelloWord2.csproj", "{4CEBD0D0-66C2-4187-9579-1C1392898469}"
EndProject
Project("{FAE04EC0-301F-11D3-BF4B-00C04F79EFBC}") = "HelloWorldExplicit", "HelloWorldExplicit\HelloWorldExplicit.csproj", "{EE9C64C8-96C8-4D9F-B7BB-AF422636DAA7}"
EndProject
Project("{FAE04EC0-301F-11D3-BF4B-00C04F79EFBC}") = "GenericList", "GenericList\GenericList.csproj", "{E9601D49-254D-B883-9C2D-A3D0D1FF40B0}"
EndProject
Project("{2150E333-8FDC-42A3-9474-1A3956D46DE8}") = "Solution Items", "Solution Items", "{8EC462FD-D22E-90A8-E5CE-7E832BA40C5D}"
	ProjectSection(SolutionItems) = preProject
		field-property-constructor\Program.cs = field-property-constructor\Program.cs
	EndProjectSection
EndProject
Project("{FAE04EC0-301F-11D3-BF4B-00C04F79EFBC}") = "field-property-constructor", "field-property-constructor\field-property-constructor.csproj", "{CA2305EA-03E7-CF30-CF04-6458FD7495FF}"
EndProject
Project("{FAE04EC0-301F-11D3-BF4B-00C04F79EFBC}") = "GenericStack", "GenericStack\GenericStack.csproj", "{9F4AF2C9-FB58-221A-993F-B55D2B612657}"
EndProject
Project("{FAE04EC0-301F-11D3-BF4B-00C04F79EFBC}") = "GenericQueue", "GenericQueue\GenericQueue.csproj", "{BFA84223-887A-136A-D6F9-2D31E78F9FB7}"
EndProject
Global
	GlobalSection(SolutionConfigurationPlatforms) = preSolution
		Debug|Any CPU = Debug|Any CPU
		Release|Any CPU = Release|Any CPU
	EndGlobalSection
	GlobalSection(ProjectConfigurationPlatforms) = postSolution
		{4CEBD0D0-66C2-4187-9579-1C1392898469}.Debug|Any CPU.ActiveCfg = Debug|Any CPU
		{4CEBD0D0-66C2-4187-9579-1C1392898469}.Debug|Any CPU.Build.0 = Debug|Any CPU
		{4CEBD0D0-66C2-4187-9579-1C1392898469}.Release|Any CPU.ActiveCfg = Release|Any CPU
		{4CEBD0D0-66C2-4187-9579-1C1392898469}.Release|Any CPU.Build.0 = Release|Any CPU
		{EE9C64C8-96C8-4D9F-B7BB-AF422636DAA7}.Debug|Any CPU.ActiveCfg = Debug|Any CPU
		{EE9C64C8-96C8-4D9F-B7BB-AF422636DAA7}.Debug|Any CPU.Build.0 = Debug|Any CPU
		{EE9C64C8-96C8-4D9F-B7BB-AF422636DAA7}.Release|Any CPU.ActiveCfg = Release|Any CPU
		{EE9C64C8-96C8-4D9F-B7BB-AF422636DAA7}.Release|Any CPU.Build.0 = Release|Any CPU
		{E9601D49-254D-B883-9C2D-A3D0D1FF40B0}.Debug|Any CPU.ActiveCfg = Debug|Any CPU
		{E9601D49-254D-B883-9C2D-A3D0D1FF40B0}.Debug|Any CPU.Build.0 = Debug|Any CPU
		{E9601D49-254D-B883-9C2D-A3D0D1FF40B0}.Release|Any CPU.ActiveCfg = Release|Any CPU
		{E9601D49-254D-B883-9C2D-A3D0D1FF40B0}.Release|Any CPU.Build.0 = Release|Any CPU
		{CA2305EA-03E7-CF30-CF04-6458FD7495FF}.Debug|Any CPU.ActiveCfg = Debug|Any CPU
		{CA2305EA-03E7-CF30-CF04-6458FD7495FF}.Debug|Any CPU.Build.0 = Debug|Any CPU
		{CA2305EA-03E7-CF30-CF04-6458FD7495FF}.Release|Any CPU.ActiveCfg = Release|Any CPU
		{CA2305EA-03E7-CF30-CF04-6458FD7495FF}.Release|Any CPU.Build.0 = Release|Any CPU
		{9F4AF2C9-FB58-221A-993F-B55D2B612657}.Debug|Any CPU.ActiveCfg = Debug|Any CPU
		{9F4AF2C9-FB58-221A-993F-B55D2B612657}.Debug|Any CPU.Build.0 = Debug|Any CPU
		{9F4AF2C9-FB58-221A-993F-B55D2B612657}.Release|Any CPU.ActiveCfg = Release|Any CPU
		{9F4AF2C9-FB58-221A-993F-B55D2B612657}.Release|Any CPU.Build.0 = Release|Any CPU
		{BFA84223-887A-136A-D6F9-2D31E78F9FB7}.Debug|Any CPU.ActiveCfg = Debug|Any CPU
		{BFA84223-887A-136A-D6F9-2D31E78F9FB7}.Debug|Any CPU.Build.0 = Debug|Any CPU
		{BFA84223-887A-136A-D6F9-2D31E78F9FB7}.Release|Any CPU.ActiveCfg = Release|Any CPU
		{BFA84223-887A-136A-D6F9-2D31E78F9FB7}.Release|Any CPU.Build.0 = Release|Any CPU
	EndGlobalSection
	GlobalSection(SolutionProperties) = preSolution
		HideSolutionNode = FALSE
	EndGlobalSection
	GlobalSection(ExtensibilityGlobals) = postSolution
		SolutionGuid = {FB0F96D3-5E45-4516-B761-D6660D67FFFB}
	EndGlobalSection
EndGlobal
