
Microsoft Visual Studio Solution File, Format Version 12.00
# Visual Studio Version 17
VisualStudioVersion = 17.14.36221.1
MinimumVisualStudioVersion = 10.0.40219.1
Project("{FAE04EC0-301F-11D3-BF4B-00C04F79EFBC}") = "RazorPages", "RazorPages\RazorPages.csproj", "{3EFEBC25-3546-4BB5-8C45-623A6C03EBB3}"
EndProject
Project("{FAE04EC0-301F-11D3-BF4B-00C04F79EFBC}") = "RazorPortfolio", "..\RazorPortfolio\RazorPortfolio.csproj", "{9676A278-92FB-42C6-9EFE-0EE8E4F95D9F}"
EndProject
Project("{FAE04EC0-301F-11D3-BF4B-00C04F79EFBC}") = "AspNetCoreMVC", "..\AspNetCoreMVC\AspNetCoreMVC.csproj", "{9DE683BD-593F-4B0C-8B36-F4662508C81B}"
EndProject
Global
	GlobalSection(SolutionConfigurationPlatforms) = preSolution
		Debug|Any CPU = Debug|Any CPU
		Release|Any CPU = Release|Any CPU
	EndGlobalSection
	GlobalSection(ProjectConfigurationPlatforms) = postSolution
		{3EFEBC25-3546-4BB5-8C45-623A6C03EBB3}.Debug|Any CPU.ActiveCfg = Debug|Any CPU
		{3EFEBC25-3546-4BB5-8C45-623A6C03EBB3}.Debug|Any CPU.Build.0 = Debug|Any CPU
		{3EFEBC25-3546-4BB5-8C45-623A6C03EBB3}.Release|Any CPU.ActiveCfg = Release|Any CPU
		{3EFEBC25-3546-4BB5-8C45-623A6C03EBB3}.Release|Any CPU.Build.0 = Release|Any CPU
		{9676A278-92FB-42C6-9EFE-0EE8E4F95D9F}.Debug|Any CPU.ActiveCfg = Debug|Any CPU
		{9676A278-92FB-42C6-9EFE-0EE8E4F95D9F}.Debug|Any CPU.Build.0 = Debug|Any CPU
		{9676A278-92FB-42C6-9EFE-0EE8E4F95D9F}.Release|Any CPU.ActiveCfg = Release|Any CPU
		{9676A278-92FB-42C6-9EFE-0EE8E4F95D9F}.Release|Any CPU.Build.0 = Release|Any CPU
		{9DE683BD-593F-4B0C-8B36-F4662508C81B}.Debug|Any CPU.ActiveCfg = Debug|Any CPU
		{9DE683BD-593F-4B0C-8B36-F4662508C81B}.Debug|Any CPU.Build.0 = Debug|Any CPU
		{9DE683BD-593F-4B0C-8B36-F4662508C81B}.Release|Any CPU.ActiveCfg = Release|Any CPU
		{9DE683BD-593F-4B0C-8B36-F4662508C81B}.Release|Any CPU.Build.0 = Release|Any CPU
	EndGlobalSection
	GlobalSection(SolutionProperties) = preSolution
		HideSolutionNode = FALSE
	EndGlobalSection
	GlobalSection(ExtensibilityGlobals) = postSolution
		SolutionGuid = {E65327DC-BF50-427E-B98D-3FA78994C6CD}
	EndGlobalSection
EndGlobal
